// !$*UTF8*$!
{
	archiveVersion = 1;
	classes = {
	};
	objectVersion = 77;
	objects = {

/* Begin PBXBuildFile section */
		D87CB24B2E0FF1B700DB3C27 /* Emotion Wheel MessagesExtension.appex in Embed Foundation Extensions */ = {isa = PBXBuildFile; fileRef = D87CB24A2E0FF1B700DB3C27 /* Emotion Wheel MessagesExtension.appex */; settings = {ATTRIBUTES = (RemoveHeadersOnCopy, ); }; };
		D87CB2502E0FF1B700DB3C27 /* Messages.framework in Frameworks */ = {isa = PBXBuildFile; fileRef = D87CB24F2E0FF1B700DB3C27 /* Messages.framework */; };
		D87CB2772E16E9CC00DB3C27 /* README.md in Resources */ = {isa = PBXBuildFile; fileRef = D87CB2762E16E9C400DB3C27 /* README.md */; };
/* End PBXBuildFile section */

/* Begin PBXContainerItemProxy section */
		D87CB24C2E0FF1B700DB3C27 /* PBXContainerItemProxy */ = {
			isa = PBXContainerItemProxy;
			containerPortal = D87CB23B2E0FF1B600DB3C27 /* Project object */;
			proxyType = 1;
			remoteGlobalIDString = D87CB2492E0FF1B700DB3C27;
			remoteInfo = "EmotionsWheel MessagesExtension";
		};
/* End PBXContainerItemProxy section */

/* Begin PBXCopyFilesBuildPhase section */
		D87CB2602E0FF1B800DB3C27 /* Embed Foundation Extensions */ = {
			isa = PBXCopyFilesBuildPhase;
			buildActionMask = 2147483647;
			dstPath = "";
			dstSubfolderSpec = 13;
			files = (
				D87CB24B2E0FF1B700DB3C27 /* Emotion Wheel MessagesExtension.appex in Embed Foundation Extensions */,
			);
			name = "Embed Foundation Extensions";
			runOnlyForDeploymentPostprocessing = 0;
		};
/* End PBXCopyFilesBuildPhase section */

/* Begin PBXFileReference section */
		D87CB2412E0FF1B600DB3C27 /* Emotion Wheel.app */ = {isa = PBXFileReference; explicitFileType = wrapper.application; includeInIndex = 0; path = "Emotion Wheel.app"; sourceTree = BUILT_PRODUCTS_DIR; };
		D87CB24A2E0FF1B700DB3C27 /* Emotion Wheel MessagesExtension.appex */ = {isa = PBXFileReference; explicitFileType = "wrapper.app-extension"; includeInIndex = 0; path = "Emotion Wheel MessagesExtension.appex"; sourceTree = BUILT_PRODUCTS_DIR; };
		D87CB24F2E0FF1B700DB3C27 /* Messages.framework */ = {isa = PBXFileReference; lastKnownFileType = wrapper.framework; name = Messages.framework; path = System/Library/Frameworks/Messages.framework; sourceTree = SDKROOT; };
		D87CB2762E16E9C400DB3C27 /* README.md */ = {isa = PBXFileReference; lastKnownFileType = net.daringfireball.markdown; path = README.md; sourceTree = "<group>"; };
/* End PBXFileReference section */

/* Begin PBXFileSystemSynchronizedBuildFileExceptionSet section */
		D87CB25A2E0FF1B800DB3C27 /* Exceptions for "Emotion Wheel MessagesExtension" folder in "Emotion Wheel MessagesExtension" target */ = {
			isa = PBXFileSystemSynchronizedBuildFileExceptionSet;
			membershipExceptions = (
				Info.plist,
			);
			target = D87CB2492E0FF1B700DB3C27 /* Emotion Wheel MessagesExtension */;
		};
/* End PBXFileSystemSynchronizedBuildFileExceptionSet section */

/* Begin PBXFileSystemSynchronizedRootGroup section */
		D87CB2432E0FF1B600DB3C27 /* Emotion Wheel */ = {
			isa = PBXFileSystemSynchronizedRootGroup;
			path = "Emotion Wheel";
			sourceTree = "<group>";
		};
		D87CB2512E0FF1B700DB3C27 /* Emotion Wheel MessagesExtension */ = {
			isa = PBXFileSystemSynchronizedRootGroup;
			exceptions = (
				D87CB25A2E0FF1B800DB3C27 /* Exceptions for "Emotion Wheel MessagesExtension" folder in "Emotion Wheel MessagesExtension" target */,
			);
			path = "Emotion Wheel MessagesExtension";
			sourceTree = "<group>";
		};
/* End PBXFileSystemSynchronizedRootGroup section */

/* Begin PBXFrameworksBuildPhase section */
		D87CB2472E0FF1B700DB3C27 /* Frameworks */ = {
			isa = PBXFrameworksBuildPhase;
			buildActionMask = 2147483647;
			files = (
				D87CB2502E0FF1B700DB3C27 /* Messages.framework in Frameworks */,
			);
			runOnlyForDeploymentPostprocessing = 0;
		};
/* End PBXFrameworksBuildPhase section */

/* Begin PBXGroup section */
		D87CB23A2E0FF1B600DB3C27 = {
			isa = PBXGroup;
			children = (
				D87CB2762E16E9C400DB3C27 /* README.md */,
				D87CB2432E0FF1B600DB3C27 /* Emotion Wheel */,
				D87CB2512E0FF1B700DB3C27 /* Emotion Wheel MessagesExtension */,
				D87CB24E2E0FF1B700DB3C27 /* Frameworks */,
				D87CB2422E0FF1B600DB3C27 /* Products */,
			);
			sourceTree = "<group>";
		};
		D87CB2422E0FF1B600DB3C27 /* Products */ = {
			isa = PBXGroup;
			children = (
				D87CB2412E0FF1B600DB3C27 /* Emotion Wheel.app */,
				D87CB24A2E0FF1B700DB3C27 /* Emotion Wheel MessagesExtension.appex */,
			);
			name = Products;
			sourceTree = "<group>";
		};
		D87CB24E2E0FF1B700DB3C27 /* Frameworks */ = {
			isa = PBXGroup;
			children = (
				D87CB24F2E0FF1B700DB3C27 /* Messages.framework */,
			);
			name = Frameworks;
			sourceTree = "<group>";
		};
/* End PBXGroup section */

/* Begin PBXNativeTarget section */
		D87CB2402E0FF1B600DB3C27 /* Emotion Wheel */ = {
			isa = PBXNativeTarget;
			buildConfigurationList = D87CB2612E0FF1B800DB3C27 /* Build configuration list for PBXNativeTarget "Emotion Wheel" */;
			buildPhases = (
				D87CB23F2E0FF1B600DB3C27 /* Resources */,
				D87CB2602E0FF1B800DB3C27 /* Embed Foundation Extensions */,
			);
			buildRules = (
			);
			dependencies = (
				D87CB24D2E0FF1B700DB3C27 /* PBXTargetDependency */,
			);
			fileSystemSynchronizedGroups = (
				D87CB2432E0FF1B600DB3C27 /* Emotion Wheel */,
			);
			name = "Emotion Wheel";
			packageProductDependencies = (
			);
			productName = EmotionsWheel;
			productReference = D87CB2412E0FF1B600DB3C27 /* Emotion Wheel.app */;
			productType = "com.apple.product-type.application.messages";
		};
		D87CB2492E0FF1B700DB3C27 /* Emotion Wheel MessagesExtension */ = {
			isa = PBXNativeTarget;
			buildConfigurationList = D87CB25B2E0FF1B800DB3C27 /* Build configuration list for PBXNativeTarget "Emotion Wheel MessagesExtension" */;
			buildPhases = (
				D87CB2462E0FF1B700DB3C27 /* Sources */,
				D87CB2472E0FF1B700DB3C27 /* Frameworks */,
				D87CB2482E0FF1B700DB3C27 /* Resources */,
			);
			buildRules = (
			);
			dependencies = (
			);
			fileSystemSynchronizedGroups = (
				D87CB2512E0FF1B700DB3C27 /* Emotion Wheel MessagesExtension */,
			);
			name = "Emotion Wheel MessagesExtension";
			packageProductDependencies = (
			);
			productName = "EmotionsWheel MessagesExtension";
			productReference = D87CB24A2E0FF1B700DB3C27 /* Emotion Wheel MessagesExtension.appex */;
			productType = "com.apple.product-type.app-extension.messages";
		};
/* End PBXNativeTarget section */

/* Begin PBXProject section */
		D87CB23B2E0FF1B600DB3C27 /* Project object */ = {
			isa = PBXProject;
			attributes = {
				BuildIndependentTargetsInParallel = 1;
				LastSwiftUpdateCheck = 1640;
				LastUpgradeCheck = 1640;
				TargetAttributes = {
					D87CB2402E0FF1B600DB3C27 = {
						CreatedOnToolsVersion = 16.4;
					};
					D87CB2492E0FF1B700DB3C27 = {
						CreatedOnToolsVersion = 16.4;
					};
				};
			};
			buildConfigurationList = D87CB23E2E0FF1B600DB3C27 /* Build configuration list for PBXProject "Emotion Wheel" */;
			developmentRegion = en;
			hasScannedForEncodings = 0;
			knownRegions = (
				en,
				Base,
			);
			mainGroup = D87CB23A2E0FF1B600DB3C27;
			minimizedProjectReferenceProxies = 1;
			preferredProjectObjectVersion = 77;
			productRefGroup = D87CB2422E0FF1B600DB3C27 /* Products */;
			projectDirPath = "";
			projectRoot = "";
			targets = (
				D87CB2402E0FF1B600DB3C27 /* Emotion Wheel */,
				D87CB2492E0FF1B700DB3C27 /* Emotion Wheel MessagesExtension */,
			);
		};
/* End PBXProject section */

/* Begin PBXResourcesBuildPhase section */
		D87CB23F2E0FF1B600DB3C27 /* Resources */ = {
			isa = PBXResourcesBuildPhase;
			buildActionMask = 2147483647;
			files = (
				D87CB2772E16E9CC00DB3C27 /* README.md in Resources */,
			);
			runOnlyForDeploymentPostprocessing = 0;
		};
		D87CB2482E0FF1B700DB3C27 /* Resources */ = {
			isa = PBXResourcesBuildPhase;
			buildActionMask = 2147483647;
			files = (
			);
			runOnlyForDeploymentPostprocessing = 0;
		};
/* End PBXResourcesBuildPhase section */

/* Begin PBXSourcesBuildPhase section */
		D87CB2462E0FF1B700DB3C27 /* Sources */ = {
			isa = PBXSourcesBuildPhase;
			buildActionMask = 2147483647;
			files = (
			);
			runOnlyForDeploymentPostprocessing = 0;
		};
/* End PBXSourcesBuildPhase section */

/* Begin PBXTargetDependency section */
		D87CB24D2E0FF1B700DB3C27 /* PBXTargetDependency */ = {
			isa = PBXTargetDependency;
			target = D87CB2492E0FF1B700DB3C27 /* Emotion Wheel MessagesExtension */;
			targetProxy = D87CB24C2E0FF1B700DB3C27 /* PBXContainerItemProxy */;
		};
/* End PBXTargetDependency section */

/* Begin XCBuildConfiguration section */
		D87CB25C2E0FF1B800DB3C27 /* Debug */ = {
			isa = XCBuildConfiguration;
			buildSettings = {
				ASSETCATALOG_COMPILER_APPICON_NAME = "iMessage App Icon";
				CODE_SIGN_STYLE = Automatic;
				CURRENT_PROJECT_VERSION = 1;
				DEVELOPMENT_TEAM = D596QL4M8J;
				GENERATE_INFOPLIST_FILE = YES;
				INFOPLIST_FILE = "Emotion Wheel MessagesExtension/Info.plist";
				INFOPLIST_KEY_CFBundleDisplayName = "Emotion Wheel";
				INFOPLIST_KEY_NSHumanReadableCopyright = "";
				LD_RUNPATH_SEARCH_PATHS = (
					"$(inherited)",
					"@executable_path/Frameworks",
					"@executable_path/../../Frameworks",
				);
				MARKETING_VERSION = 1.0;
				PRODUCT_BUNDLE_IDENTIFIER = "Nathan.Emotion-Wheel.MessagesExtension";
				PRODUCT_NAME = "$(TARGET_NAME)";
				SKIP_INSTALL = YES;
				SWIFT_EMIT_LOC_STRINGS = YES;
				SWIFT_VERSION = 5.0;
				TARGETED_DEVICE_FAMILY = "1,2";
			};
			name = Debug;
		};
		D87CB25D2E0FF1B800DB3C27 /* Release */ = {
			isa = XCBuildConfiguration;
			buildSettings = {
				ASSETCATALOG_COMPILER_APPICON_NAME = "iMessage App Icon";
				CODE_SIGN_STYLE = Automatic;
				CURRENT_PROJECT_VERSION = 1;
				DEVELOPMENT_TEAM = D596QL4M8J;
				GENERATE_INFOPLIST_FILE = YES;
				INFOPLIST_FILE = "Emotion Wheel MessagesExtension/Info.plist";
				INFOPLIST_KEY_CFBundleDisplayName = "Emotion Wheel";
				INFOPLIST_KEY_NSHumanReadableCopyright = "";
				LD_RUNPATH_SEARCH_PATHS = (
					"$(inherited)",
					"@executable_path/Frameworks",
					"@executable_path/../../Frameworks",
				);
				MARKETING_VERSION = 1.0;
				PRODUCT_BUNDLE_IDENTIFIER = "Nathan.Emotion-Wheel.MessagesExtension";
				PRODUCT_NAME = "$(TARGET_NAME)";
				SKIP_INSTALL = YES;
				SWIFT_EMIT_LOC_STRINGS = YES;
				SWIFT_VERSION = 5.0;
				TARGETED_DEVICE_FAMILY = "1,2";
			};
			name = Release;
		};
		D87CB25E2E0FF1B800DB3C27 /* Debug */ = {
			isa = XCBuildConfiguration;
			buildSettings = {
				ALWAYS_SEARCH_USER_PATHS = NO;
				ASSETCATALOG_COMPILER_GENERATE_SWIFT_ASSET_SYMBOL_EXTENSIONS = YES;
				CLANG_ANALYZER_NONNULL = YES;
				CLANG_ANALYZER_NUMBER_OBJECT_CONVERSION = YES_AGGRESSIVE;
				CLANG_CXX_LANGUAGE_STANDARD = "gnu++20";
				CLANG_ENABLE_MODULES = YES;
				CLANG_ENABLE_OBJC_ARC = YES;
				CLANG_ENABLE_OBJC_WEAK = YES;
				CLANG_WARN_BLOCK_CAPTURE_AUTORELEASING = YES;
				CLANG_WARN_BOOL_CONVERSION = YES;
				CLANG_WARN_COMMA = YES;
				CLANG_WARN_CONSTANT_CONVERSION = YES;
				CLANG_WARN_DEPRECATED_OBJC_IMPLEMENTATIONS = YES;
				CLANG_WARN_DIRECT_OBJC_ISA_USAGE = YES_ERROR;
				CLANG_WARN_DOCUMENTATION_COMMENTS = YES;
				CLANG_WARN_EMPTY_BODY = YES;
				CLANG_WARN_ENUM_CONVERSION = YES;
				CLANG_WARN_INFINITE_RECURSION = YES;
				CLANG_WARN_INT_CONVERSION = YES;
				CLANG_WARN_NON_LITERAL_NULL_CONVERSION = YES;
				CLANG_WARN_OBJC_IMPLICIT_RETAIN_SELF = YES;
				CLANG_WARN_OBJC_LITERAL_CONVERSION = YES;
				CLANG_WARN_OBJC_ROOT_CLASS = YES_ERROR;
				CLANG_WARN_QUOTED_INCLUDE_IN_FRAMEWORK_HEADER = YES;
				CLANG_WARN_RANGE_LOOP_ANALYSIS = YES;
				CLANG_WARN_STRICT_PROTOTYPES = YES;
				CLANG_WARN_SUSPICIOUS_MOVE = YES;
				CLANG_WARN_UNGUARDED_AVAILABILITY = YES_AGGRESSIVE;
				CLANG_WARN_UNREACHABLE_CODE = YES;
				CLANG_WARN__DUPLICATE_METHOD_MATCH = YES;
				COPY_PHASE_STRIP = NO;
				DEBUG_INFORMATION_FORMAT = dwarf;
				DEVELOPMENT_TEAM = D596QL4M8J;
				ENABLE_STRICT_OBJC_MSGSEND = YES;
				ENABLE_TESTABILITY = YES;
				ENABLE_USER_SCRIPT_SANDBOXING = YES;
				GCC_C_LANGUAGE_STANDARD = gnu17;
				GCC_DYNAMIC_NO_PIC = NO;
				GCC_NO_COMMON_BLOCKS = YES;
				GCC_OPTIMIZATION_LEVEL = 0;
				GCC_PREPROCESSOR_DEFINITIONS = (
					"DEBUG=1",
					"$(inherited)",
				);
				GCC_WARN_64_TO_32_BIT_CONVERSION = YES;
				GCC_WARN_ABOUT_RETURN_TYPE = YES_ERROR;
				GCC_WARN_UNDECLARED_SELECTOR = YES;
				GCC_WARN_UNINITIALIZED_AUTOS = YES_AGGRESSIVE;
				GCC_WARN_UNUSED_FUNCTION = YES;
				GCC_WARN_UNUSED_VARIABLE = YES;
				IPHONEOS_DEPLOYMENT_TARGET = 18.5;
				LOCALIZATION_PREFERS_STRING_CATALOGS = YES;
				MTL_ENABLE_DEBUG_INFO = INCLUDE_SOURCE;
				MTL_FAST_MATH = YES;
				ONLY_ACTIVE_ARCH = YES;
				SDKROOT = iphoneos;
				SWIFT_ACTIVE_COMPILATION_CONDITIONS = "DEBUG $(inherited)";
				SWIFT_OPTIMIZATION_LEVEL = "-Onone";
			};
			name = Debug;
		};
		D87CB25F2E0FF1B800DB3C27 /* Release */ = {
			isa = XCBuildConfiguration;
			buildSettings = {
				ALWAYS_SEARCH_USER_PATHS = NO;
				ASSETCATALOG_COMPILER_GENERATE_SWIFT_ASSET_SYMBOL_EXTENSIONS = YES;
				CLANG_ANALYZER_NONNULL = YES;
				CLANG_ANALYZER_NUMBER_OBJECT_CONVERSION = YES_AGGRESSIVE;
				CLANG_CXX_LANGUAGE_STANDARD = "gnu++20";
				CLANG_ENABLE_MODULES = YES;
				CLANG_ENABLE_OBJC_ARC = YES;
				CLANG_ENABLE_OBJC_WEAK = YES;
				CLANG_WARN_BLOCK_CAPTURE_AUTORELEASING = YES;
				CLANG_WARN_BOOL_CONVERSION = YES;
				CLANG_WARN_COMMA = YES;
				CLANG_WARN_CONSTANT_CONVERSION = YES;
				CLANG_WARN_DEPRECATED_OBJC_IMPLEMENTATIONS = YES;
				CLANG_WARN_DIRECT_OBJC_ISA_USAGE = YES_ERROR;
				CLANG_WARN_DOCUMENTATION_COMMENTS = YES;
				CLANG_WARN_EMPTY_BODY = YES;
				CLANG_WARN_ENUM_CONVERSION = YES;
				CLANG_WARN_INFINITE_RECURSION = YES;
				CLANG_WARN_INT_CONVERSION = YES;
				CLANG_WARN_NON_LITERAL_NULL_CONVERSION = YES;
				CLANG_WARN_OBJC_IMPLICIT_RETAIN_SELF = YES;
				CLANG_WARN_OBJC_LITERAL_CONVERSION = YES;
				CLANG_WARN_OBJC_ROOT_CLASS = YES_ERROR;
				CLANG_WARN_QUOTED_INCLUDE_IN_FRAMEWORK_HEADER = YES;
				CLANG_WARN_RANGE_LOOP_ANALYSIS = YES;
				CLANG_WARN_STRICT_PROTOTYPES = YES;
				CLANG_WARN_SUSPICIOUS_MOVE = YES;
				CLANG_WARN_UNGUARDED_AVAILABILITY = YES_AGGRESSIVE;
				CLANG_WARN_UNREACHABLE_CODE = YES;
				CLANG_WARN__DUPLICATE_METHOD_MATCH = YES;
				COPY_PHASE_STRIP = NO;
				DEBUG_INFORMATION_FORMAT = "dwarf-with-dsym";
				DEVELOPMENT_TEAM = D596QL4M8J;
				ENABLE_NS_ASSERTIONS = NO;
				ENABLE_STRICT_OBJC_MSGSEND = YES;
				ENABLE_USER_SCRIPT_SANDBOXING = YES;
				GCC_C_LANGUAGE_STANDARD = gnu17;
				GCC_NO_COMMON_BLOCKS = YES;
				GCC_WARN_64_TO_32_BIT_CONVERSION = YES;
				GCC_WARN_ABOUT_RETURN_TYPE = YES_ERROR;
				GCC_WARN_UNDECLARED_SELECTOR = YES;
				GCC_WARN_UNINITIALIZED_AUTOS = YES_AGGRESSIVE;
				GCC_WARN_UNUSED_FUNCTION = YES;
				GCC_WARN_UNUSED_VARIABLE = YES;
				IPHONEOS_DEPLOYMENT_TARGET = 18.5;
				LOCALIZATION_PREFERS_STRING_CATALOGS = YES;
				MTL_ENABLE_DEBUG_INFO = NO;
				MTL_FAST_MATH = YES;
				SDKROOT = iphoneos;
				SWIFT_COMPILATION_MODE = wholemodule;
				VALIDATE_PRODUCT = YES;
			};
			name = Release;
		};
		D87CB2622E0FF1B800DB3C27 /* Debug */ = {
			isa = XCBuildConfiguration;
			buildSettings = {
				ASSETCATALOG_COMPILER_APPICON_NAME = AppIcon;
				CODE_SIGN_STYLE = Automatic;
				CURRENT_PROJECT_VERSION = 1;
				DEVELOPMENT_TEAM = D596QL4M8J;
				GENERATE_INFOPLIST_FILE = YES;
				INFOPLIST_KEY_CFBundleDisplayName = "Emotion Wheel";
				INFOPLIST_KEY_UILaunchStoryboardName = LaunchScreen;
				INFOPLIST_KEY_UISupportedInterfaceOrientations_iPad = "UIInterfaceOrientationPortrait UIInterfaceOrientationPortraitUpsideDown UIInterfaceOrientationLandscapeLeft UIInterfaceOrientationLandscapeRight";
				INFOPLIST_KEY_UISupportedInterfaceOrientations_iPhone = "UIInterfaceOrientationPortrait UIInterfaceOrientationLandscapeLeft UIInterfaceOrientationLandscapeRight";
				MARKETING_VERSION = 1.0;
				PRODUCT_BUNDLE_IDENTIFIER = "Nathan.Emotion-Wheel";
				PRODUCT_NAME = "$(TARGET_NAME)";
				SWIFT_EMIT_LOC_STRINGS = YES;
				SWIFT_VERSION = 5.0;
				TARGETED_DEVICE_FAMILY = "1,2";
			};
			name = Debug;
		};
		D87CB2632E0FF1B800DB3C27 /* Release */ = {
			isa = XCBuildConfiguration;
			buildSettings = {
				ASSETCATALOG_COMPILER_APPICON_NAME = AppIcon;
				CODE_SIGN_STYLE = Automatic;
				CURRENT_PROJECT_VERSION = 1;
				DEVELOPMENT_TEAM = D596QL4M8J;
				GENERATE_INFOPLIST_FILE = YES;
				INFOPLIST_KEY_CFBundleDisplayName = "Emotion Wheel";
				INFOPLIST_KEY_UILaunchStoryboardName = LaunchScreen;
				INFOPLIST_KEY_UISupportedInterfaceOrientations_iPad = "UIInterfaceOrientationPortrait UIInterfaceOrientationPortraitUpsideDown UIInterfaceOrientationLandscapeLeft UIInterfaceOrientationLandscapeRight";
				INFOPLIST_KEY_UISupportedInterfaceOrientations_iPhone = "UIInterfaceOrientationPortrait UIInterfaceOrientationLandscapeLeft UIInterfaceOrientationLandscapeRight";
				MARKETING_VERSION = 1.0;
				PRODUCT_BUNDLE_IDENTIFIER = "Nathan.Emotion-Wheel";
				PRODUCT_NAME = "$(TARGET_NAME)";
				SWIFT_EMIT_LOC_STRINGS = YES;
				SWIFT_VERSION = 5.0;
				TARGETED_DEVICE_FAMILY = "1,2";
			};
			name = Release;
		};
/* End XCBuildConfiguration section */

/* Begin XCConfigurationList section */
		D87CB23E2E0FF1B600DB3C27 /* Build configuration list for PBXProject "Emotion Wheel" */ = {
			isa = XCConfigurationList;
			buildConfigurations = (
				D87CB25E2E0FF1B800DB3C27 /* Debug */,
				D87CB25F2E0FF1B800DB3C27 /* Release */,
			);
			defaultConfigurationIsVisible = 0;
			defaultConfigurationName = Release;
		};
		D87CB25B2E0FF1B800DB3C27 /* Build configuration list for PBXNativeTarget "Emotion Wheel MessagesExtension" */ = {
			isa = XCConfigurationList;
			buildConfigurations = (
				D87CB25C2E0FF1B800DB3C27 /* Debug */,
				D87CB25D2E0FF1B800DB3C27 /* Release */,
			);
			defaultConfigurationIsVisible = 0;
			defaultConfigurationName = Release;
		};
		D87CB2612E0FF1B800DB3C27 /* Build configuration list for PBXNativeTarget "Emotion Wheel" */ = {
			isa = XCConfigurationList;
			buildConfigurations = (
				D87CB2622E0FF1B800DB3C27 /* Debug */,
				D87CB2632E0FF1B800DB3C27 /* Release */,
			);
			defaultConfigurationIsVisible = 0;
			defaultConfigurationName = Release;
		};
/* End XCConfigurationList section */
	};
	rootObject = D87CB23B2E0FF1B600DB3C27 /* Project object */;
}
